
Microsoft Visual Studio Solution File, Format Version 12.00
# Visual Studio Version 17
VisualStudioVersion = 17.6.33723.286
MinimumVisualStudioVersion = 10.0.40219.1
Project("{FAE04EC0-301F-11D3-BF4B-00C04F79EFBC}") = "MergeTest", "MergeTest\MergeTest.csproj", "{945DDD4B-98BC-4DFF-8A81-86BB8D6A7DCF}"
EndProject
Global
	GlobalSection(SolutionConfigurationPlatforms) = preSolution
		Debug|Any CPU = Debug|Any CPU
		Release|Any CPU = Release|Any CPU
	EndGlobalSection
	GlobalSection(ProjectConfigurationPlatforms) = postSolution
		{945DDD4B-98BC-4DFF-8A81-86BB8D6A7DCF}.Debug|Any CPU.ActiveCfg = Debug|Any CPU
		{945DDD4B-98BC-4DFF-8A81-86BB8D6A7DCF}.Debug|Any CPU.Build.0 = Debug|Any CPU
		{945DDD4B-98BC-4DFF-8A81-86BB8D6A7DCF}.Release|Any CPU.ActiveCfg = Release|Any CPU
		{945DDD4B-98BC-4DFF-8A81-86BB8D6A7DCF}.Release|Any CPU.Build.0 = Release|Any CPU
	EndGlobalSection
	GlobalSection(SolutionProperties) = preSolution
		HideSolutionNode = FALSE
	EndGlobalSection
	GlobalSection(ExtensibilityGlobals) = postSolution
		SolutionGuid = {053BD165-14C2-4584-905E-DD495C6DF7BD}
	EndGlobalSection
EndGlobal
